PODS:
  - Alamofire (4.4.0)
  - Socket.IO-Client-Swift (9.0.1)
  - SwiftyJSON (3.1.4)

DEPENDENCIES:
  - Alamofire (~> 4.4)
  - Socket.IO-Client-Swift (~> 9.0.0)
  - SwiftyJSON

SPEC CHECKSUMS:
  Alamofire: dc44b1600b800eb63da6a19039a0083d62a6a62d
  Socket.IO-Client-Swift: 60b71a684692a312c4aba3ef52f186e0e254e868
  SwiftyJSON: c2842d878f95482ffceec5709abc3d05680c0220

PODFILE CHECKSUM: 777180c2054469c7271ed5e1c52d6ba9738cb5a9

COCOAPODS: 1.2.0
