PODS:
  - Alamofire (4.4.0)
  - Nuke (5.1)
  - ReverseExtension (0.4.8)
  - Socket.IO-Client-Swift (9.0.1)
  - SwiftyJSON (3.1.4)
  - UIImageColors (1.3.1)

DEPENDENCIES:
  - Alamofire (~> 4.4)
  - Nuke (~> 5.0)
  - ReverseExtension
  - Socket.IO-Client-Swift (~> 9.0.0)
  - SwiftyJSON
  - UIImageColors

SPEC CHECKSUMS:
  Alamofire: dc44b1600b800eb63da6a19039a0083d62a6a62d
  Nuke: 8ab71e77f6a54ff5fb697f93537c35f419bb01f7
  ReverseExtension: 78dcc8414c4efb6115d787694649d9f4f020324a
  Socket.IO-Client-Swift: 60b71a684692a312c4aba3ef52f186e0e254e868
  SwiftyJSON: c2842d878f95482ffceec5709abc3d05680c0220
  UIImageColors: ba833ce88773453e0a1065f29cde333a97865607

PODFILE CHECKSUM: ba43b27a85bf1ef0016dd0b1a3dc2fa0175c86f1

COCOAPODS: 1.2.0
